
Microsoft Visual Studio Solution File, Format Version 12.00
# Visual Studio Version 16
VisualStudioVersion = 16.0.29411.108
MinimumVisualStudioVersion = 10.0.40219.1
Project("{FAE04EC0-301F-11D3-BF4B-00C04F79EFBC}") = "DEV-6", "DEV-6.csproj", "{5037D185-98C9-471B-B1BA-BC3EB0C45429}"
EndProject
Global
	GlobalSection(SolutionConfigurationPlatforms) = preSolution
		Debug|Any CPU = Debug|Any CPU
		Release|Any CPU = Release|Any CPU
	EndGlobalSection
	GlobalSection(ProjectConfigurationPlatforms) = postSolution
		{5037D185-98C9-471B-B1BA-BC3EB0C45429}.Debug|Any CPU.ActiveCfg = Debug|Any CPU
		{5037D185-98C9-471B-B1BA-BC3EB0C45429}.Debug|Any CPU.Build.0 = Debug|Any CPU
		{5037D185-98C9-471B-B1BA-BC3EB0C45429}.Release|Any CPU.ActiveCfg = Release|Any CPU
		{5037D185-98C9-471B-B1BA-BC3EB0C45429}.Release|Any CPU.Build.0 = Release|Any CPU
	EndGlobalSection
	GlobalSection(SolutionProperties) = preSolution
		HideSolutionNode = FALSE
	EndGlobalSection
	GlobalSection(ExtensibilityGlobals) = postSolution
		SolutionGuid = {A24217C9-45B6-4723-8C65-48C96B55B9EF}
	EndGlobalSection
EndGlobal
