
Microsoft Visual Studio Solution File, Format Version 12.00
# Visual Studio Version 16
VisualStudioVersion = 16.0.29411.108
MinimumVisualStudioVersion = 10.0.40219.1
Project("{FAE04EC0-301F-11D3-BF4B-00C04F79EFBC}") = "Matrix", "Matrix.csproj", "{2C465655-E17A-494A-9B6B-D838AD7C330B}"
EndProject
Global
	GlobalSection(SolutionConfigurationPlatforms) = preSolution
		Debug|Any CPU = Debug|Any CPU
		Release|Any CPU = Release|Any CPU
	EndGlobalSection
	GlobalSection(ProjectConfigurationPlatforms) = postSolution
		{2C465655-E17A-494A-9B6B-D838AD7C330B}.Debug|Any CPU.ActiveCfg = Debug|Any CPU
		{2C465655-E17A-494A-9B6B-D838AD7C330B}.Debug|Any CPU.Build.0 = Debug|Any CPU
		{2C465655-E17A-494A-9B6B-D838AD7C330B}.Release|Any CPU.ActiveCfg = Release|Any CPU
		{2C465655-E17A-494A-9B6B-D838AD7C330B}.Release|Any CPU.Build.0 = Release|Any CPU
	EndGlobalSection
	GlobalSection(SolutionProperties) = preSolution
		HideSolutionNode = FALSE
	EndGlobalSection
	GlobalSection(ExtensibilityGlobals) = postSolution
		SolutionGuid = {A7627054-9F0D-478C-9027-D470635B5D7D}
	EndGlobalSection
EndGlobal
