
Microsoft Visual Studio Solution File, Format Version 12.00
# Visual Studio Version 16
VisualStudioVersion = 16.0.29411.108
MinimumVisualStudioVersion = 10.0.40219.1
Project("{FAE04EC0-301F-11D3-BF4B-00C04F79EFBC}") = "DEV-2", "DEV-2.csproj", "{BB39EC9E-6F30-4866-8BEF-A34850434628}"
EndProject
Project("{FAE04EC0-301F-11D3-BF4B-00C04F79EFBC}") = "ProgramTests", "ProgramTests\ProgramTests.csproj", "{40483BAA-A961-4D5A-B715-ACBEAD0D68CC}"
EndProject
Global
	GlobalSection(SolutionConfigurationPlatforms) = preSolution
		Debug|Any CPU = Debug|Any CPU
		Release|Any CPU = Release|Any CPU
	EndGlobalSection
	GlobalSection(ProjectConfigurationPlatforms) = postSolution
		{BB39EC9E-6F30-4866-8BEF-A34850434628}.Debug|Any CPU.ActiveCfg = Debug|Any CPU
		{BB39EC9E-6F30-4866-8BEF-A34850434628}.Debug|Any CPU.Build.0 = Debug|Any CPU
		{BB39EC9E-6F30-4866-8BEF-A34850434628}.Release|Any CPU.ActiveCfg = Release|Any CPU
		{BB39EC9E-6F30-4866-8BEF-A34850434628}.Release|Any CPU.Build.0 = Release|Any CPU
		{40483BAA-A961-4D5A-B715-ACBEAD0D68CC}.Debug|Any CPU.ActiveCfg = Debug|Any CPU
		{40483BAA-A961-4D5A-B715-ACBEAD0D68CC}.Debug|Any CPU.Build.0 = Debug|Any CPU
		{40483BAA-A961-4D5A-B715-ACBEAD0D68CC}.Release|Any CPU.ActiveCfg = Release|Any CPU
		{40483BAA-A961-4D5A-B715-ACBEAD0D68CC}.Release|Any CPU.Build.0 = Release|Any CPU
	EndGlobalSection
	GlobalSection(SolutionProperties) = preSolution
		HideSolutionNode = FALSE
	EndGlobalSection
	GlobalSection(ExtensibilityGlobals) = postSolution
		SolutionGuid = {21E709AC-A576-4157-9BBB-BB3DFD2D8C02}
	EndGlobalSection
EndGlobal
